{
  "commit": "be151317d7668d1583a7f53f79e56623ea652acd",
  "files": {
    ".claude/agents/architect.md": "6cc0e84aef88676f0a578ad8ffa709dca75b6fb560f4745abf1ffc2b61435345",
    ".claude/agents/cleaner.md": "58e6084e0654b91590a714feeec7aed1db777c5e02ac00952d20d771741c8c22",
    ".claude/agents/coder.md": "4a0d2731d877b5c51b4d45bf75bb273ffda4315da5e4232410f6d7f7c21fc51f",
    ".claude/agents/hardener.md": "405a2eabd7fb39dd84f7b64c2a9a82c7938b31ab27e1e76b9db7bcf6db7eb009",
    ".claude/agents/specifier.md": "e3375b11bda126d8c1d1877c6e5f4fdae35a74511f8215eee53729d15d59add0",
    ".claude/agents/verifier.md": "d9f817ea6889c07a348f6952ef7f0175a0ad6f9ecd6f5b3ed3c6459fb5171d1d",
    ".claude/settings.json": "65d457b529af0664cb0d97266ef35ed8fc7469295e9e394299fc190283589f2f",
    ".claude/skills/wct-acceptance/SKILL.md": "adabdb53e9eaad99241750a28b9962a0d80b9162e7e589de3686c2c94616f146",
    ".claude/skills/wct-acceptance/agents/openai.yaml": "b9667a91a4b8ac2f90f3d09ba93f51ac5d2015a6dbae2bdff8a9f303cf5e9a01",
    ".claude/skills/wct-adopt/SKILL.md": "e662e96e8caaac3a61a8cc5e4b01fe25ab1a24ab623f2397468a2691d9b7d8a8",
    ".claude/skills/wct-adopt/agents/openai.yaml": "c41edaf8740118359d4daca21d8bf80dfbda75d1ac46844d1bab2deabf393c92",
    ".claude/skills/wct-architecture/SKILL.md": "66b45349267ebe55bd3628b02e0d0d8ebf56676cd9cb55dc3cc12c1b09d9904d",
    ".claude/skills/wct-architecture/agents/openai.yaml": "b5e1fc26b0c6141499588766562e1cdd09090c2cf6b8f43392f115b65a695b60",
    ".claude/skills/wct-crap/SKILL.md": "5a6c471930e9dff480e07a0443681be1500aa5db17662b68a284c9c67aad1690",
    ".claude/skills/wct-crap/agents/openai.yaml": "6185a3a782a021a0fe812c147e82119cf3fe40700a121e71b5a217039597cd67",
    ".claude/skills/wct-dependencies/SKILL.md": "596afe5a4a3da39edb43100521cb72b658b46323fa407bdee3ea00b9f35ad104",
    ".claude/skills/wct-dependencies/agents/openai.yaml": "eae66b51373b7095dc57085136e716f8ec4b9eeca08eb39820e9d1e8bbab5f32",
    ".claude/skills/wct-doctor/SKILL.md": "c2ebd370a99658d95641c0b81058de8d485e033b26be48988f25609118255d67",
    ".claude/skills/wct-doctor/agents/openai.yaml": "2ddf7dfce2ea009fda0f3be95592e0291a75ff13a32e8520fac8484b9c0dca61",
    ".claude/skills/wct-dry/SKILL.md": "541add0881d1cfcc07da4ecf9658a31061e05a59c806ef7d8a62328ac487ffb9",
    ".claude/skills/wct-dry/agents/openai.yaml": "f34e073a8e48b7fc89680dd90556c81f2f545d343dac616bdbe86f183e2bd20d",
    ".claude/skills/wct-gate/SKILL.md": "68f7839d485472da8c2e2a1478b8827ac6e12ebbd01a97c0017aea2c2e937b7a",
    ".claude/skills/wct-gate/agents/openai.yaml": "865bec33281a5fe4068e4e3c605812e1657749b70653e9989a547b4fa646dd15",
    ".claude/skills/wct-hardening/SKILL.md": "24afb89e89c8fb37307cfc023398f89533493b80be3949004619d545d3d39d89",
    ".claude/skills/wct-hardening/agents/openai.yaml": "bfc743d4e2d1fdfdcff5c50efef1c2bf427b077173baf861771dbef25317f9eb",
    ".claude/skills/wct-mutate/SKILL.md": "05f9e1523c1e2997f6b52711c2f916d85f09c3b8001a1d76f52c157254f6c4ed",
    ".claude/skills/wct-mutate/agents/openai.yaml": "e43bd212e663a9ad155a91aa9c48836a883d4fc9d3407725cfc192a79b7f8e5b",
    ".claude/skills/wct-ratchet/SKILL.md": "00219b27763d52bcf453bcacda8c9916ef81a5d99de44ea4996e5dfdd328f920",
    ".claude/skills/wct-ratchet/agents/openai.yaml": "e8159ee2435215eb0b81c86ef4147837aa190120591e79e1b185d64f4d2aade6",
    ".claude/skills/wct-review/SKILL.md": "4c15a042a57e6eeade065d82af05358a3a00d19004ac2f70c7883404bc0ebbe1",
    ".claude/skills/wct-review/agents/openai.yaml": "517809737a82f45982cc2e080896c2858c243f97afe52d992914b74381dc85c1",
    ".claude/skills/wct-security/SKILL.md": "05946f5ddb2ecc767e9d9f2fed219f259af56154e57972fce2280b5d7007cebb",
    ".claude/skills/wct-security/agents/openai.yaml": "ae07725a308194662a4ea4c8ed44fbfb329b8beb10a2e5b3cdada3e86dadb86e",
    ".claude/skills/wct-test-honesty/SKILL.md": "a91df9f1ea6cff3d91d86e6ebc67b61f8eec4cdd577d0a92cde6ba1eb139a825",
    ".claude/skills/wct-test-honesty/agents/openai.yaml": "773778b35403fcb84cb4f484c5378c753e40f885c7416e542992737010603814",
    ".github/workflows/adoption-smoke.yml": "3b6df594169a645ce75adb5939db03999880326970a7eaca653d79ce40cc9575",
    ".github/workflows/full-hardening.yml": "b774af804fe875da814be3c01ac853fb76d0090277c9509e52139c41da56959b",
    ".github/workflows/quality.yml": "f0da4aa905205159b2d1f5a3500cdd474c03c1702084ce4a721b2fcc819c9c27",
    ".importlinter": "0546f9da8afa7efad7b535fb245bf4f241171660433e5943e9267c1f2b21a49b",
    ".pre-commit-config.yaml": "07d4bb04d875b875f154b47ebb9990a4cd5f49701bb74f135ef6d1c884f0c4f5",
    ".secrets.baseline": "c6382fc18dab1123c1f200089ae44e2019d15529d5b3406f710060e70f009907",
    "governance/adapters/webhook.schema.json": "43a1b8144235e9670cfba55eb187bc08282317d2aeb3e522015c3397deb138eb",
    "governance/baselines/archmetrics-zones.json": "fb07a61f5aedfbbf7fe65eb025347e445d90d876747e02aa6fa413a727d28838",
    "governance/baselines/coverage-total.json": "35ab788f2e96c2e1010e2895e7c1ade3d3430a7ddb5927b68313d4c19430f0c1",
    "governance/baselines/dead-code.json": "c6152e9c20cb91b28ec933baca843976c253dd585f013ab4f67e674fac1cdf9f",
    "governance/baselines/debt-markers.json": "ccde3b22da8c2b9862959a5faef109e5ab346f3a8fc6f7936e0125e90a60c483",
    "governance/baselines/docstring-coverage.json": "53b6ff06b56de27788c589de77a90e94389f58d4fca4bd880c07447a80c95e10",
    "governance/baselines/dry-clusters.json": "d28412cf1dc05311d74c9ba66598a34e0c6877e269e983e9d031219e2924315a",
    "governance/baselines/dry-template-clusters.json": "106acc391344f348222a1d349744a9cbf4a0130f2443e81ab6845bf6e8c4a2de",
    "governance/baselines/file-size.json": "402b7bd1ff8d45d7500f4b49ad6b82a1eac89090ca552a0602e594153f7572b4",
    "governance/baselines/gherkin-ir-dry.json": "bd9d7fca11d65ef8cf28ceb8edc29c970259937092809fbde5f75802cbdb00c1",
    "governance/baselines/introverted-tests.json": "1172518ddf35d3d6fabca94b4550593c6540e336b8e54d2cc6aac63ce078c593",
    "governance/baselines/lcom-classes.json": "0dc603ee647d5e4b641f8aebcc681a33391241f4ade8f9599e4b4f0468418548",
    "governance/baselines/per-file-ignores.json": "4529587250fd690f1524035e03d92125369f34be9c5b659ede2dd11e21f7db6e",
    "governance/baselines/suppressions.json": "4dbde6bd7d461f9f459e1c2dbe6e95f683cf1f903680518bfc0c2ad00a726b1c",
    "governance/decisions/ADR-001-ponytail.md": "6c03fe60f11015040234ef82e16b84ee2668718cdf9d32c435c8d1c503e9d1ad",
    "governance/decisions/ADR-002-ruff.md": "db1c65720c305b0572482d8fd76311c48b2f52fc8dc900de79c764a21c80d298",
    "governance/decisions/ADR-003-crap-threshold.md": "3c604d392cce1098e943cb2c68198784899cf018b105fe3acb078c1331f5288f",
    "governance/generated/mutation-manifest.json": "3f5c6257bdc5547fc13108c6254cf6b4a304728eb670a4a9bf62be93fd86f216",
    "governance/integrity-log.md": "13a6350086596743f98c01ef26e6f0d9ce3e91d4b078fef341f018982aa7b9a2",
    "governance/lint/legacy/.flake8": "aabe4353c6dac04f085a8cf44a91b104344ea61f4c49bd1b44a1a26c5b6bea11",
    "governance/lint/legacy/.isort.cfg": "dd606fb2bece67d3ffdd19410cd70c709e904ff7fd385fcbb3a1042274663665",
    "governance/lint/legacy/black.toml": "40b9ad163b0956f87d1d8a30e965ac59b433b28a72a871763c6799cbbb88937c",
    "governance/lint/ruff.toml": "3cc72723dbc1af7e733e99a40dbe3baeb90de41b7f1168894eb9d6180778719d",
    "governance/policy.yaml": "2aae75671e78f72171dce0f3b0866c3df20dd26731a2189534550f92dac73dda",
    "governance/ratchet-log.md": "4b2d4385f54751b72d0c849807301c9d55bdba40b98b49d076b7f105a3f8f7fc",
    "governance/rules/00-architecture.yaml": "aba86f01431756bbf5eee93c2af6e8bf511aa4fb75936cacea0986fc85a30b43",
    "governance/rules/10-testing.yaml": "d469687978c5e444eb2768366312d023ee8daa3073e1c186a5424afc22c2d4bc",
    "governance/rules/20-minimalism.yaml": "ca585de1ceb553e29b310a761a150a07328601b6d0426ac4c51b55dcea4a4e5b",
    "governance/rules/30-style.yaml": "2fb5183d6e37155ecdbb14ffd3be13d2d8ea5847260b483205681d626d5e5bc3",
    "governance/rules/40-security.yaml": "85e7ac6440320c72601e9c6adb060720beb25ae7ab439216fddc53281b624cac",
    "governance/rules/50-process.yaml": "58c44ec00f055d2c4bc291f7817465ee1daece121c7775401129a0933a9b2487",
    "governance/semgrep/wct-architecture.yaml": "f91c20787035c6d45f90350dba37386051beea70a4ebffac8785e4ac718b0411",
    "governance/thresholds.yaml": "a3b5c8862583ec3ec790dfdb0f072e1eec16191cd1b41262cd1ee64c4b87a8c7",
    "plugins/write-check-trust/.codex-plugin/plugin.json": "83b1ab83076088e1babb5fda9fc21d4e96ee90f4c7f9406a2e8da70e1d0fc1f4",
    "plugins/write-check-trust/scripts/wct": "2d8baea58991264978fbb40711c2d88cce8098bb95c1e7500a232ab54624a492",
    "plugins/write-check-trust/skills/wct-acceptance/SKILL.md": "adabdb53e9eaad99241750a28b9962a0d80b9162e7e589de3686c2c94616f146",
    "plugins/write-check-trust/skills/wct-acceptance/agents/openai.yaml": "b9667a91a4b8ac2f90f3d09ba93f51ac5d2015a6dbae2bdff8a9f303cf5e9a01",
    "plugins/write-check-trust/skills/wct-adopt/SKILL.md": "e662e96e8caaac3a61a8cc5e4b01fe25ab1a24ab623f2397468a2691d9b7d8a8",
    "plugins/write-check-trust/skills/wct-adopt/agents/openai.yaml": "c41edaf8740118359d4daca21d8bf80dfbda75d1ac46844d1bab2deabf393c92",
    "plugins/write-check-trust/skills/wct-architecture/SKILL.md": "66b45349267ebe55bd3628b02e0d0d8ebf56676cd9cb55dc3cc12c1b09d9904d",
    "plugins/write-check-trust/skills/wct-architecture/agents/openai.yaml": "b5e1fc26b0c6141499588766562e1cdd09090c2cf6b8f43392f115b65a695b60",
    "plugins/write-check-trust/skills/wct-crap/SKILL.md": "5a6c471930e9dff480e07a0443681be1500aa5db17662b68a284c9c67aad1690",
    "plugins/write-check-trust/skills/wct-crap/agents/openai.yaml": "6185a3a782a021a0fe812c147e82119cf3fe40700a121e71b5a217039597cd67",
    "plugins/write-check-trust/skills/wct-dependencies/SKILL.md": "596afe5a4a3da39edb43100521cb72b658b46323fa407bdee3ea00b9f35ad104",
    "plugins/write-check-trust/skills/wct-dependencies/agents/openai.yaml": "eae66b51373b7095dc57085136e716f8ec4b9eeca08eb39820e9d1e8bbab5f32",
    "plugins/write-check-trust/skills/wct-doctor/SKILL.md": "c2ebd370a99658d95641c0b81058de8d485e033b26be48988f25609118255d67",
    "plugins/write-check-trust/skills/wct-doctor/agents/openai.yaml": "2ddf7dfce2ea009fda0f3be95592e0291a75ff13a32e8520fac8484b9c0dca61",
    "plugins/write-check-trust/skills/wct-dry/SKILL.md": "541add0881d1cfcc07da4ecf9658a31061e05a59c806ef7d8a62328ac487ffb9",
    "plugins/write-check-trust/skills/wct-dry/agents/openai.yaml": "f34e073a8e48b7fc89680dd90556c81f2f545d343dac616bdbe86f183e2bd20d",
    "plugins/write-check-trust/skills/wct-gate/SKILL.md": "68f7839d485472da8c2e2a1478b8827ac6e12ebbd01a97c0017aea2c2e937b7a",
    "plugins/write-check-trust/skills/wct-gate/agents/openai.yaml": "865bec33281a5fe4068e4e3c605812e1657749b70653e9989a547b4fa646dd15",
    "plugins/write-check-trust/skills/wct-hardening/SKILL.md": "24afb89e89c8fb37307cfc023398f89533493b80be3949004619d545d3d39d89",
    "plugins/write-check-trust/skills/wct-hardening/agents/openai.yaml": "bfc743d4e2d1fdfdcff5c50efef1c2bf427b077173baf861771dbef25317f9eb",
    "plugins/write-check-trust/skills/wct-mutate/SKILL.md": "05f9e1523c1e2997f6b52711c2f916d85f09c3b8001a1d76f52c157254f6c4ed",
    "plugins/write-check-trust/skills/wct-mutate/agents/openai.yaml": "e43bd212e663a9ad155a91aa9c48836a883d4fc9d3407725cfc192a79b7f8e5b",
    "plugins/write-check-trust/skills/wct-ratchet/SKILL.md": "00219b27763d52bcf453bcacda8c9916ef81a5d99de44ea4996e5dfdd328f920",
    "plugins/write-check-trust/skills/wct-ratchet/agents/openai.yaml": "e8159ee2435215eb0b81c86ef4147837aa190120591e79e1b185d64f4d2aade6",
    "plugins/write-check-trust/skills/wct-review/SKILL.md": "4c15a042a57e6eeade065d82af05358a3a00d19004ac2f70c7883404bc0ebbe1",
    "plugins/write-check-trust/skills/wct-review/agents/openai.yaml": "517809737a82f45982cc2e080896c2858c243f97afe52d992914b74381dc85c1",
    "plugins/write-check-trust/skills/wct-security/SKILL.md": "05946f5ddb2ecc767e9d9f2fed219f259af56154e57972fce2280b5d7007cebb",
    "plugins/write-check-trust/skills/wct-security/agents/openai.yaml": "ae07725a308194662a4ea4c8ed44fbfb329b8beb10a2e5b3cdada3e86dadb86e",
    "plugins/write-check-trust/skills/wct-test-honesty/SKILL.md": "a91df9f1ea6cff3d91d86e6ebc67b61f8eec4cdd577d0a92cde6ba1eb139a825",
    "plugins/write-check-trust/skills/wct-test-honesty/agents/openai.yaml": "773778b35403fcb84cb4f484c5378c753e40f885c7416e542992737010603814",
    "pyproject.toml": "a337f8ce5fda44a92c84208ee934fe548f8130fe2d371b0407cdd5ba4efb3035",
    "quality/redteam/README.md": "0ef17aa920317fcae4fb7e189dcc3e0f821c093635611d6257c1a6f2ee7bf72f",
    "quality/redteam/cases.yaml": "656ff374e4b4b1d03c52f064e7f18afa45a73f36e5722fee65f33d859a5e310e",
    "skills/wct-acceptance/SKILL.md": "adabdb53e9eaad99241750a28b9962a0d80b9162e7e589de3686c2c94616f146",
    "skills/wct-acceptance/agents/openai.yaml": "b9667a91a4b8ac2f90f3d09ba93f51ac5d2015a6dbae2bdff8a9f303cf5e9a01",
    "skills/wct-adopt/SKILL.md": "e662e96e8caaac3a61a8cc5e4b01fe25ab1a24ab623f2397468a2691d9b7d8a8",
    "skills/wct-adopt/agents/openai.yaml": "c41edaf8740118359d4daca21d8bf80dfbda75d1ac46844d1bab2deabf393c92",
    "skills/wct-architecture/SKILL.md": "66b45349267ebe55bd3628b02e0d0d8ebf56676cd9cb55dc3cc12c1b09d9904d",
    "skills/wct-architecture/agents/openai.yaml": "b5e1fc26b0c6141499588766562e1cdd09090c2cf6b8f43392f115b65a695b60",
    "skills/wct-crap/SKILL.md": "5a6c471930e9dff480e07a0443681be1500aa5db17662b68a284c9c67aad1690",
    "skills/wct-crap/agents/openai.yaml": "6185a3a782a021a0fe812c147e82119cf3fe40700a121e71b5a217039597cd67",
    "skills/wct-dependencies/SKILL.md": "596afe5a4a3da39edb43100521cb72b658b46323fa407bdee3ea00b9f35ad104",
    "skills/wct-dependencies/agents/openai.yaml": "eae66b51373b7095dc57085136e716f8ec4b9eeca08eb39820e9d1e8bbab5f32",
    "skills/wct-doctor/SKILL.md": "c2ebd370a99658d95641c0b81058de8d485e033b26be48988f25609118255d67",
    "skills/wct-doctor/agents/openai.yaml": "2ddf7dfce2ea009fda0f3be95592e0291a75ff13a32e8520fac8484b9c0dca61",
    "skills/wct-dry/SKILL.md": "541add0881d1cfcc07da4ecf9658a31061e05a59c806ef7d8a62328ac487ffb9",
    "skills/wct-dry/agents/openai.yaml": "f34e073a8e48b7fc89680dd90556c81f2f545d343dac616bdbe86f183e2bd20d",
    "skills/wct-gate/SKILL.md": "68f7839d485472da8c2e2a1478b8827ac6e12ebbd01a97c0017aea2c2e937b7a",
    "skills/wct-gate/agents/openai.yaml": "865bec33281a5fe4068e4e3c605812e1657749b70653e9989a547b4fa646dd15",
    "skills/wct-hardening/SKILL.md": "24afb89e89c8fb37307cfc023398f89533493b80be3949004619d545d3d39d89",
    "skills/wct-hardening/agents/openai.yaml": "bfc743d4e2d1fdfdcff5c50efef1c2bf427b077173baf861771dbef25317f9eb",
    "skills/wct-mutate/SKILL.md": "05f9e1523c1e2997f6b52711c2f916d85f09c3b8001a1d76f52c157254f6c4ed",
    "skills/wct-mutate/agents/openai.yaml": "e43bd212e663a9ad155a91aa9c48836a883d4fc9d3407725cfc192a79b7f8e5b",
    "skills/wct-ratchet/SKILL.md": "00219b27763d52bcf453bcacda8c9916ef81a5d99de44ea4996e5dfdd328f920",
    "skills/wct-ratchet/agents/openai.yaml": "e8159ee2435215eb0b81c86ef4147837aa190120591e79e1b185d64f4d2aade6",
    "skills/wct-review/SKILL.md": "4c15a042a57e6eeade065d82af05358a3a00d19004ac2f70c7883404bc0ebbe1",
    "skills/wct-review/agents/openai.yaml": "517809737a82f45982cc2e080896c2858c243f97afe52d992914b74381dc85c1",
    "skills/wct-security/SKILL.md": "05946f5ddb2ecc767e9d9f2fed219f259af56154e57972fce2280b5d7007cebb",
    "skills/wct-security/agents/openai.yaml": "ae07725a308194662a4ea4c8ed44fbfb329b8beb10a2e5b3cdada3e86dadb86e",
    "skills/wct-test-honesty/SKILL.md": "a91df9f1ea6cff3d91d86e6ebc67b61f8eec4cdd577d0a92cde6ba1eb139a825",
    "skills/wct-test-honesty/agents/openai.yaml": "773778b35403fcb84cb4f484c5378c753e40f885c7416e542992737010603814",
    "tools/wct/__init__.py": "a9c55a47b0c5a504330a8ae71ffa4444504133f1e14dd1a371eaf18de7faf624",
    "tools/wct/__main__.py": "3d4a6a815d298c55c83c6b7b6bc382f2a9eb39349729eafc27edb18c05d8529f",
    "tools/wct/accept/__init__.py": "9f5dff8daf3d06d7a5134d858e881c2cc45d2ff955a5b4e032fa9e5dfb475b13",
    "tools/wct/accept/pipeline.py": "de6f74b9da9b422d3cd5ee7c128f1c90e38308476365e9efe72a7500b42e47a6",
    "tools/wct/adopt/__init__.py": "b6caa5bd998c24ebe900b0d8d631e1ebb34b0f9a8ee9b76ce6f4fbf53d20a894",
    "tools/wct/adopt/lifecycle.py": "b045dc53883dcd05d1aaaa7fd71ca25dd418079f6ced4e748bc1c7e3b11144c0",
    "tools/wct/archmetrics/__init__.py": "852c5306074d08f8520d16f295a7a02c869ab01ec53f8ccf6b23ba6e0e040cbf",
    "tools/wct/archmetrics/analyzer.py": "fcc1aa8242f7661f80249b76e78ce82d7bbefc892c639b9f752f75a961e643b8",
    "tools/wct/cli.py": "d7dbd71bd138e11fd6f12f5a2c0b4e59cdabf55546638fcf8693a1ebf62895b1",
    "tools/wct/cognitive/__init__.py": "ee6a2be737fe34a8c83efdb5b86e9e299b8f063754a6e75a794fefd099bedb04",
    "tools/wct/cognitive/engine.py": "5d63cd15dd6aed0ae9439e303ffb482a24be862be2949a1c324df343e338d9dd",
    "tools/wct/config.py": "59b676fcf65e73ab8de55ad1a40e3f42d9f900decdb97eba15c07f171d27f437",
    "tools/wct/doctor/__init__.py": "0c29a6a03eeea434052487011f54ddf0c2417d57d066f2148928a1da0b28a2b3",
    "tools/wct/doctor/checks.py": "3f87b567890ebba44baef7064b40a787d067860aa0905a29d5f061d32686d039",
    "tools/wct/dry/__init__.py": "8194c8e7891fde44281842ca2c0288604e8b094d9e6d26391b5dae319f017f3e",
    "tools/wct/dry/analyzer.py": "a2ae2b3b45918325298d188374b1d380fc4b68aa05ecba95c01deeee21bfc110",
    "tools/wct/dry/tpl.py": "60b4bd90d3a8058cfa836b7bd649d272bc681adda2cfe4000aabb679495761ee",
    "tools/wct/fmt/__init__.py": "e3b0c44298fc1c149afbf4c8996fb92427ae41e4649b934ca495991b7852b855",
    "tools/wct/fmt/engine.py": "866443d5afaaa5bde7acc5354f5029139ce30a1cfd7579c45b933de7b9efbe5f",
    "tools/wct/gate/__init__.py": "ab61d8711275bf4617d547845478d0294df26b64624c754d7d6d1fa823da7704",
    "tools/wct/gate/checks.py": "6f6484829b895787c16b077e134d0d250547f49f6798d7cd495712407f931141",
    "tools/wct/gate/runner.py": "eb9db43b58fa130c7fc25add7143540bb36a3e22f2e3fb24d514259fa20310f3",
    "tools/wct/hooks/__init__.py": "8c15c1292055bb6fb68da3a081824b280f19390a5e6a35c8b2321d861456a850",
    "tools/wct/hooks/guard.py": "ffe9d2a150cbb26d0cdf09f88412cef9692288a9f66c0f382222a2b781465379",
    "tools/wct/hotspots/__init__.py": "905cce89cea66f66b38eb2e7d06f5571daf77a1d19698d5b7b22455bb0453b3b",
    "tools/wct/hotspots/engine.py": "8fcd188086f4de3103aa239cd6689f893a333003c48f2c15e3d75fea0bafdb98",
    "tools/wct/integrity/__init__.py": "c60bf936afaaa31fffcf9e19bbb9aab274da082f2dc91b67c2316388c756f73b",
    "tools/wct/integrity/engine.py": "687b139db1441aea226044bb89f47d07867e9ca14f99370ceb3a5ffce38c24aa",
    "tools/wct/introvert/__init__.py": "7c0c66a002dd427bedbdf918d70c6acb6cf2b420befd9a60af7ca2f41b57306c",
    "tools/wct/introvert/analyzer.py": "f5a8b09e0a0c3855aa300dccd41bf0084c50a9326230fa8882e55ea1a46d168b",
    "tools/wct/lcom/__init__.py": "20a00c66ccc0dcdcae32d56b807821f1af55413db5a5cb31d09c859455b90210",
    "tools/wct/lcom/engine.py": "7edba4b5023fc1711f1ade5f52e7be54243eb8b2a0a4545a3fb256736ee67b5a",
    "tools/wct/model.py": "fb3589bbd837e7f07f7f7e5889f224826b7954293e1f7171b9f9481564470c9f",
    "tools/wct/mutate/__init__.py": "767cd6178598dd80d627d99fb95bccd8672557cce92fa5bb12d5454dd67e0f2a",
    "tools/wct/mutate/engine.py": "0dd4f3dc3704b57c476dc1cad317b6ba35c32b102e35d35724a4151b1fe82d2d",
    "tools/wct/ratchet/__init__.py": "b43effdc523651fcd85d0138fd6f1d42fd5e117ceb2e1d4b971aed0960cacc0b",
    "tools/wct/ratchet/engine.py": "cc6d3a7e683e5bac219c79ec4f3b7fb15aedd965aa328573e94adc1786ce6c54",
    "tools/wct/ratchet/measure.py": "d9bb31e6b3e183200374d7161535a2228f699399e2f0aeeddb755c780132f441",
    "tools/wct/report/__init__.py": "32f2c5539ad120f44dfce632a24ec69b9291e7a20c2a91f1206dffbfa50ba0a0",
    "tools/wct/report/overview.py": "e1136bfd5b5c9ca0ddc0db20cf3a73333eba925353517b648473bab322aafec1",
    "tools/wct/report/render.py": "15d6962341c992466e6948d7270fe280b00bb7eede36bc6ba088dc339742f92b",
    "tools/wct/rules/__init__.py": "bdbf4682b1575877c7fdd96a90f84d0255d8400380942d98cca8d3a0992b2ebe",
    "tools/wct/rules/engine.py": "ebd392cea2184b8b2b165805a91ac93c06a02c2e586f682dd2d9a0637917a792",
    "tools/wct/selftest/__init__.py": "87b0aebb3f974cf8d6491c807eef3baa0a569820d333542b2eb6683f75461b90",
    "tools/wct/selftest/redteam.py": "566bf371d32a1bc93fd85f1da9efb7b0d8e12bc661d7498a1d3869a119648a91",
    "tools/wct/size/__init__.py": "add7a103478d7f135e35d9d40a998d6f5a388e19d3077c475267d207b06bee62",
    "tools/wct/size/engine.py": "7c4259ae26d438053bdc663e16b6319edf919f6fd15ec993134a050c44f4dbb3",
    "tools/wct/splitplan/__init__.py": "9c7494f4060e6792c10cc7716714d750de7b112c975eb05ab68a5fdaf782585f",
    "tools/wct/splitplan/engine.py": "3d98cd03631c4de23c944524832c56949c0aea940860e4ca6eef0f0e16047525",
    "tools/wct/util/__init__.py": "01be94ffc05db0b8ed34a4723466fa53af4dcd58d08d6c4c69eecd9af2d26d79",
    "tools/wct/util/git.py": "5dac66153570151d256dbbc2da89d949556143441d765143aaaa5762503fe99c",
    "tools/wct/webhook.py": "f89156240bb5734303f98593e950f8faed29a495dcc8ba24334a40c197e7dd84",
    "tools/wct/wire/__init__.py": "b3099f7050e756b976127417854ec470dcd7893bd1398c17c5bf83d4a2eb39b2",
    "tools/wct/wire/engine.py": "e177d35e46bff754740e8ebc1c7eb1f823a0f0771138a68ca9ca4612167ce932",
    "uv.lock": "b0f21368b7c720e18f4d1a16f31848de80fe60e54c2daac2deda8582bcb44855"
  },
  "hash": "sha256:eol-normalized",
  "schema_version": 1
}
